
Microsoft Visual Studio Solution File, Format Version 12.00
# Visual Studio Version 17
VisualStudioVersion = 17.6.33712.159
MinimumVisualStudioVersion = 10.0.40219.1
Project("{FAE04EC0-301F-11D3-BF4B-00C04F79EFBC}") = "ReceiptScanningSystem", "ReceiptScanningSystem\ReceiptScanningSystem.csproj", "{3A705A84-7E72-4CED-B7FF-9FB6E7AFE5A7}"
EndProject
Global
	GlobalSection(SolutionConfigurationPlatforms) = preSolution
		Debug|Any CPU = Debug|Any CPU
		Release|Any CPU = Release|Any CPU
	EndGlobalSection
	GlobalSection(ProjectConfigurationPlatforms) = postSolution
		{3A705A84-7E72-4CED-B7FF-9FB6E7AFE5A7}.Debug|Any CPU.ActiveCfg = Debug|Any CPU
		{3A705A84-7E72-4CED-B7FF-9FB6E7AFE5A7}.Debug|Any CPU.Build.0 = Debug|Any CPU
		{3A705A84-7E72-4CED-B7FF-9FB6E7AFE5A7}.Release|Any CPU.ActiveCfg = Release|Any CPU
		{3A705A84-7E72-4CED-B7FF-9FB6E7AFE5A7}.Release|Any CPU.Build.0 = Release|Any CPU
	EndGlobalSection
	GlobalSection(SolutionProperties) = preSolution
		HideSolutionNode = FALSE
	EndGlobalSection
	GlobalSection(ExtensibilityGlobals) = postSolution
		SolutionGuid = {4B740EE2-BF66-47AC-8941-0735CA48D62A}
	EndGlobalSection
EndGlobal
